
Microsoft Visual Studio Solution File, Format Version 12.00
# Visual Studio 15
VisualStudioVersion = 15.0.28307.168
MinimumVisualStudioVersion = 10.0.40219.1
Project("{FAE04EC0-301F-11D3-BF4B-00C04F79EFBC}") = "ListViewSwiping.Android", "ListViewSwiping\ListViewSwiping.Android\ListViewSwiping.Android.csproj", "{B5E8C2D8-DB16-4F49-8D21-F3F341495E74}"
EndProject
Project("{FAE04EC0-301F-11D3-BF4B-00C04F79EFBC}") = "ListViewSwiping.iOS", "ListViewSwiping\ListViewSwiping.iOS\ListViewSwiping.iOS.csproj", "{18C46960-4366-4F5D-B598-BC3D73CAF121}"
EndProject
Project("{FAE04EC0-301F-11D3-BF4B-00C04F79EFBC}") = "ListViewSwiping.UWP", "ListViewSwiping\ListViewSwiping.UWP\ListViewSwiping.UWP.csproj", "{7E6D9E1E-5D57-453A-8DFB-39626753D840}"
EndProject
Project("{FAE04EC0-301F-11D3-BF4B-00C04F79EFBC}") = "ListViewSwiping", "ListViewSwiping\ListViewSwiping\ListViewSwiping.csproj", "{9FB52798-9C6C-4A69-9B21-DCFBC7ACF40A}"
EndProject
Global
	GlobalSection(SolutionConfigurationPlatforms) = preSolution
		Ad-Hoc|Any CPU = Ad-Hoc|Any CPU
		Ad-Hoc|ARM = Ad-Hoc|ARM
		Ad-Hoc|iPhone = Ad-Hoc|iPhone
		Ad-Hoc|iPhoneSimulator = Ad-Hoc|iPhoneSimulator
		Ad-Hoc|x64 = Ad-Hoc|x64
		Ad-Hoc|x86 = Ad-Hoc|x86
		AppStore|Any CPU = AppStore|Any CPU
		AppStore|ARM = AppStore|ARM
		AppStore|iPhone = AppStore|iPhone
		AppStore|iPhoneSimulator = AppStore|iPhoneSimulator
		AppStore|x64 = AppStore|x64
		AppStore|x86 = AppStore|x86
		Debug|Any CPU = Debug|Any CPU
		Debug|ARM = Debug|ARM
		Debug|iPhone = Debug|iPhone
		Debug|iPhoneSimulator = Debug|iPhoneSimulator
		Debug|x64 = Debug|x64
		Debug|x86 = Debug|x86
		Release|Any CPU = Release|Any CPU
		Release|ARM = Release|ARM
		Release|iPhone = Release|iPhone
		Release|iPhoneSimulator = Release|iPhoneSimulator
		Release|x64 = Release|x64
		Release|x86 = Release|x86
	EndGlobalSection
	GlobalSection(ProjectConfigurationPlatforms) = postSolution
		{B5E8C2D8-DB16-4F49-8D21-F3F341495E74}.Ad-Hoc|Any CPU.ActiveCfg = Release|Any CPU
		{B5E8C2D8-DB16-4F49-8D21-F3F341495E74}.Ad-Hoc|Any CPU.Build.0 = Release|Any CPU
		{B5E8C2D8-DB16-4F49-8D21-F3F341495E74}.Ad-Hoc|Any CPU.Deploy.0 = Release|Any CPU
		{B5E8C2D8-DB16-4F49-8D21-F3F341495E74}.Ad-Hoc|ARM.ActiveCfg = Release|Any CPU
		{B5E8C2D8-DB16-4F49-8D21-F3F341495E74}.Ad-Hoc|ARM.Build.0 = Release|Any CPU
		{B5E8C2D8-DB16-4F49-8D21-F3F341495E74}.Ad-Hoc|ARM.Deploy.0 = Release|Any CPU
		{B5E8C2D8-DB16-4F49-8D21-F3F341495E74}.Ad-Hoc|iPhone.ActiveCfg = Release|Any CPU
		{B5E8C2D8-DB16-4F49-8D21-F3F341495E74}.Ad-Hoc|iPhone.Build.0 = Release|Any CPU
		{B5E8C2D8-DB16-4F49-8D21-F3F341495E74}.Ad-Hoc|iPhone.Deploy.0 = Release|Any CPU
		{B5E8C2D8-DB16-4F49-8D21-F3F341495E74}.Ad-Hoc|iPhoneSimulator.ActiveCfg = Release|Any CPU
		{B5E8C2D8-DB16-4F49-8D21-F3F341495E74}.Ad-Hoc|iPhoneSimulator.Build.0 = Release|Any CPU
		{B5E8C2D8-DB16-4F49-8D21-F3F341495E74}.Ad-Hoc|iPhoneSimulator.Deploy.0 = Release|Any CPU
		{B5E8C2D8-DB16-4F49-8D21-F3F341495E74}.Ad-Hoc|x64.ActiveCfg = Release|Any CPU
		{B5E8C2D8-DB16-4F49-8D21-F3F341495E74}.Ad-Hoc|x64.Build.0 = Release|Any CPU
		{B5E8C2D8-DB16-4F49-8D21-F3F341495E74}.Ad-Hoc|x64.Deploy.0 = Release|Any CPU
		{B5E8C2D8-DB16-4F49-8D21-F3F341495E74}.Ad-Hoc|x86.ActiveCfg = Release|Any CPU
		{B5E8C2D8-DB16-4F49-8D21-F3F341495E74}.Ad-Hoc|x86.Build.0 = Release|Any CPU
		{B5E8C2D8-DB16-4F49-8D21-F3F341495E74}.Ad-Hoc|x86.Deploy.0 = Release|Any CPU
		{B5E8C2D8-DB16-4F49-8D21-F3F341495E74}.AppStore|Any CPU.ActiveCfg = Release|Any CPU
		{B5E8C2D8-DB16-4F49-8D21-F3F341495E74}.AppStore|Any CPU.Build.0 = Release|Any CPU
		{B5E8C2D8-DB16-4F49-8D21-F3F341495E74}.AppStore|Any CPU.Deploy.0 = Release|Any CPU
		{B5E8C2D8-DB16-4F49-8D21-F3F341495E74}.AppStore|ARM.ActiveCfg = Release|Any CPU
		{B5E8C2D8-DB16-4F49-8D21-F3F341495E74}.AppStore|ARM.Build.0 = Release|Any CPU
		{B5E8C2D8-DB16-4F49-8D21-F3F341495E74}.AppStore|ARM.Deploy.0 = Release|Any CPU
		{B5E8C2D8-DB16-4F49-8D21-F3F341495E74}.AppStore|iPhone.ActiveCfg = Release|Any CPU
		{B5E8C2D8-DB16-4F49-8D21-F3F341495E74}.AppStore|iPhone.Build.0 = Release|Any CPU
		{B5E8C2D8-DB16-4F49-8D21-F3F341495E74}.AppStore|iPhone.Deploy.0 = Release|Any CPU
		{B5E8C2D8-DB16-4F49-8D21-F3F341495E74}.AppStore|iPhoneSimulator.ActiveCfg = Release|Any CPU
		{B5E8C2D8-DB16-4F49-8D21-F3F341495E74}.AppStore|iPhoneSimulator.Build.0 = Release|Any CPU
		{B5E8C2D8-DB16-4F49-8D21-F3F341495E74}.AppStore|iPhoneSimulator.Deploy.0 = Release|Any CPU
		{B5E8C2D8-DB16-4F49-8D21-F3F341495E74}.AppStore|x64.ActiveCfg = Release|Any CPU
		{B5E8C2D8-DB16-4F49-8D21-F3F341495E74}.AppStore|x64.Build.0 = Release|Any CPU
		{B5E8C2D8-DB16-4F49-8D21-F3F341495E74}.AppStore|x64.Deploy.0 = Release|Any CPU
		{B5E8C2D8-DB16-4F49-8D21-F3F341495E74}.AppStore|x86.ActiveCfg = Release|Any CPU
		{B5E8C2D8-DB16-4F49-8D21-F3F341495E74}.AppStore|x86.Build.0 = Release|Any CPU
		{B5E8C2D8-DB16-4F49-8D21-F3F341495E74}.AppStore|x86.Deploy.0 = Release|Any CPU
		{B5E8C2D8-DB16-4F49-8D21-F3F341495E74}.Debug|Any CPU.ActiveCfg = Debug|Any CPU
		{B5E8C2D8-DB16-4F49-8D21-F3F341495E74}.Debug|Any CPU.Build.0 = Debug|Any CPU
		{B5E8C2D8-DB16-4F49-8D21-F3F341495E74}.Debug|Any CPU.Deploy.0 = Debug|Any CPU
		{B5E8C2D8-DB16-4F49-8D21-F3F341495E74}.Debug|ARM.ActiveCfg = Debug|Any CPU
		{B5E8C2D8-DB16-4F49-8D21-F3F341495E74}.Debug|ARM.Build.0 = Debug|Any CPU
		{B5E8C2D8-DB16-4F49-8D21-F3F341495E74}.Debug|ARM.Deploy.0 = Debug|Any CPU
		{B5E8C2D8-DB16-4F49-8D21-F3F341495E74}.Debug|iPhone.ActiveCfg = Debug|Any CPU
		{B5E8C2D8-DB16-4F49-8D21-F3F341495E74}.Debug|iPhone.Build.0 = Debug|Any CPU
		{B5E8C2D8-DB16-4F49-8D21-F3F341495E74}.Debug|iPhone.Deploy.0 = Debug|Any CPU
		{B5E8C2D8-DB16-4F49-8D21-F3F341495E74}.Debug|iPhoneSimulator.ActiveCfg = Debug|Any CPU
		{B5E8C2D8-DB16-4F49-8D21-F3F341495E74}.Debug|iPhoneSimulator.Build.0 = Debug|Any CPU
		{B5E8C2D8-DB16-4F49-8D21-F3F341495E74}.Debug|iPhoneSimulator.Deploy.0 = Debug|Any CPU
		{B5E8C2D8-DB16-4F49-8D21-F3F341495E74}.Debug|x64.ActiveCfg = Debug|Any CPU
		{B5E8C2D8-DB16-4F49-8D21-F3F341495E74}.Debug|x64.Build.0 = Debug|Any CPU
		{B5E8C2D8-DB16-4F49-8D21-F3F341495E74}.Debug|x64.Deploy.0 = Debug|Any CPU
		{B5E8C2D8-DB16-4F49-8D21-F3F341495E74}.Debug|x86.ActiveCfg = Debug|Any CPU
		{B5E8C2D8-DB16-4F49-8D21-F3F341495E74}.Debug|x86.Build.0 = Debug|Any CPU
		{B5E8C2D8-DB16-4F49-8D21-F3F341495E74}.Debug|x86.Deploy.0 = Debug|Any CPU
		{B5E8C2D8-DB16-4F49-8D21-F3F341495E74}.Release|Any CPU.ActiveCfg = Release|Any CPU
		{B5E8C2D8-DB16-4F49-8D21-F3F341495E74}.Release|Any CPU.Build.0 = Release|Any CPU
		{B5E8C2D8-DB16-4F49-8D21-F3F341495E74}.Release|Any CPU.Deploy.0 = Release|Any CPU
		{B5E8C2D8-DB16-4F49-8D21-F3F341495E74}.Release|ARM.ActiveCfg = Release|Any CPU
		{B5E8C2D8-DB16-4F49-8D21-F3F341495E74}.Release|ARM.Build.0 = Release|Any CPU
		{B5E8C2D8-DB16-4F49-8D21-F3F341495E74}.Release|ARM.Deploy.0 = Release|Any CPU
		{B5E8C2D8-DB16-4F49-8D21-F3F341495E74}.Release|iPhone.ActiveCfg = Release|Any CPU
		{B5E8C2D8-DB16-4F49-8D21-F3F341495E74}.Release|iPhone.Build.0 = Release|Any CPU
		{B5E8C2D8-DB16-4F49-8D21-F3F341495E74}.Release|iPhone.Deploy.0 = Release|Any CPU
		{B5E8C2D8-DB16-4F49-8D21-F3F341495E74}.Release|iPhoneSimulator.ActiveCfg = Release|Any CPU
		{B5E8C2D8-DB16-4F49-8D21-F3F341495E74}.Release|iPhoneSimulator.Build.0 = Release|Any CPU
		{B5E8C2D8-DB16-4F49-8D21-F3F341495E74}.Release|iPhoneSimulator.Deploy.0 = Release|Any CPU
		{B5E8C2D8-DB16-4F49-8D21-F3F341495E74}.Release|x64.ActiveCfg = Release|Any CPU
		{B5E8C2D8-DB16-4F49-8D21-F3F341495E74}.Release|x64.Build.0 = Release|Any CPU
		{B5E8C2D8-DB16-4F49-8D21-F3F341495E74}.Release|x64.Deploy.0 = Release|Any CPU
		{B5E8C2D8-DB16-4F49-8D21-F3F341495E74}.Release|x86.ActiveCfg = Release|Any CPU
		{B5E8C2D8-DB16-4F49-8D21-F3F341495E74}.Release|x86.Build.0 = Release|Any CPU
		{B5E8C2D8-DB16-4F49-8D21-F3F341495E74}.Release|x86.Deploy.0 = Release|Any CPU
		{18C46960-4366-4F5D-B598-BC3D73CAF121}.Ad-Hoc|Any CPU.ActiveCfg = Ad-Hoc|iPhone
		{18C46960-4366-4F5D-B598-BC3D73CAF121}.Ad-Hoc|Any CPU.Build.0 = Ad-Hoc|iPhone
		{18C46960-4366-4F5D-B598-BC3D73CAF121}.Ad-Hoc|Any CPU.Deploy.0 = Ad-Hoc|iPhone
		{18C46960-4366-4F5D-B598-BC3D73CAF121}.Ad-Hoc|ARM.ActiveCfg = Ad-Hoc|iPhone
		{18C46960-4366-4F5D-B598-BC3D73CAF121}.Ad-Hoc|ARM.Build.0 = Ad-Hoc|iPhone
		{18C46960-4366-4F5D-B598-BC3D73CAF121}.Ad-Hoc|ARM.Deploy.0 = Ad-Hoc|iPhone
		{18C46960-4366-4F5D-B598-BC3D73CAF121}.Ad-Hoc|iPhone.ActiveCfg = Ad-Hoc|iPhone
		{18C46960-4366-4F5D-B598-BC3D73CAF121}.Ad-Hoc|iPhone.Build.0 = Ad-Hoc|iPhone
		{18C46960-4366-4F5D-B598-BC3D73CAF121}.Ad-Hoc|iPhone.Deploy.0 = Ad-Hoc|iPhone
		{18C46960-4366-4F5D-B598-BC3D73CAF121}.Ad-Hoc|iPhoneSimulator.ActiveCfg = Ad-Hoc|iPhoneSimulator
		{18C46960-4366-4F5D-B598-BC3D73CAF121}.Ad-Hoc|iPhoneSimulator.Build.0 = Ad-Hoc|iPhoneSimulator
		{18C46960-4366-4F5D-B598-BC3D73CAF121}.Ad-Hoc|iPhoneSimulator.Deploy.0 = Ad-Hoc|iPhoneSimulator
		{18C46960-4366-4F5D-B598-BC3D73CAF121}.Ad-Hoc|x64.ActiveCfg = Ad-Hoc|iPhone
		{18C46960-4366-4F5D-B598-BC3D73CAF121}.Ad-Hoc|x64.Build.0 = Ad-Hoc|iPhone
		{18C46960-4366-4F5D-B598-BC3D73CAF121}.Ad-Hoc|x64.Deploy.0 = Ad-Hoc|iPhone
		{18C46960-4366-4F5D-B598-BC3D73CAF121}.Ad-Hoc|x86.ActiveCfg = Ad-Hoc|iPhone
		{18C46960-4366-4F5D-B598-BC3D73CAF121}.Ad-Hoc|x86.Build.0 = Ad-Hoc|iPhone
		{18C46960-4366-4F5D-B598-BC3D73CAF121}.Ad-Hoc|x86.Deploy.0 = Ad-Hoc|iPhone
		{18C46960-4366-4F5D-B598-BC3D73CAF121}.AppStore|Any CPU.ActiveCfg = AppStore|iPhone
		{18C46960-4366-4F5D-B598-BC3D73CAF121}.AppStore|Any CPU.Build.0 = AppStore|iPhone
		{18C46960-4366-4F5D-B598-BC3D73CAF121}.AppStore|Any CPU.Deploy.0 = AppStore|iPhone
		{18C46960-4366-4F5D-B598-BC3D73CAF121}.AppStore|ARM.ActiveCfg = AppStore|iPhone
		{18C46960-4366-4F5D-B598-BC3D73CAF121}.AppStore|ARM.Build.0 = AppStore|iPhone
		{18C46960-4366-4F5D-B598-BC3D73CAF121}.AppStore|ARM.Deploy.0 = AppStore|iPhone
		{18C46960-4366-4F5D-B598-BC3D73CAF121}.AppStore|iPhone.ActiveCfg = AppStore|iPhone
		{18C46960-4366-4F5D-B598-BC3D73CAF121}.AppStore|iPhone.Build.0 = AppStore|iPhone
		{18C46960-4366-4F5D-B598-BC3D73CAF121}.AppStore|iPhone.Deploy.0 = AppStore|iPhone
		{18C46960-4366-4F5D-B598-BC3D73CAF121}.AppStore|iPhoneSimulator.ActiveCfg = AppStore|iPhoneSimulator
		{18C46960-4366-4F5D-B598-BC3D73CAF121}.AppStore|iPhoneSimulator.Build.0 = AppStore|iPhoneSimulator
		{18C46960-4366-4F5D-B598-BC3D73CAF121}.AppStore|iPhoneSimulator.Deploy.0 = AppStore|iPhoneSimulator
		{18C46960-4366-4F5D-B598-BC3D73CAF121}.AppStore|x64.ActiveCfg = AppStore|iPhone
		{18C46960-4366-4F5D-B598-BC3D73CAF121}.AppStore|x64.Build.0 = AppStore|iPhone
		{18C46960-4366-4F5D-B598-BC3D73CAF121}.AppStore|x64.Deploy.0 = AppStore|iPhone
		{18C46960-4366-4F5D-B598-BC3D73CAF121}.AppStore|x86.ActiveCfg = AppStore|iPhone
		{18C46960-4366-4F5D-B598-BC3D73CAF121}.AppStore|x86.Build.0 = AppStore|iPhone
		{18C46960-4366-4F5D-B598-BC3D73CAF121}.AppStore|x86.Deploy.0 = AppStore|iPhone
		{18C46960-4366-4F5D-B598-BC3D73CAF121}.Debug|Any CPU.ActiveCfg = Debug|iPhoneSimulator
		{18C46960-4366-4F5D-B598-BC3D73CAF121}.Debug|Any CPU.Build.0 = Debug|iPhoneSimulator
		{18C46960-4366-4F5D-B598-BC3D73CAF121}.Debug|Any CPU.Deploy.0 = Debug|iPhoneSimulator
		{18C46960-4366-4F5D-B598-BC3D73CAF121}.Debug|ARM.ActiveCfg = Debug|iPhone
		{18C46960-4366-4F5D-B598-BC3D73CAF121}.Debug|ARM.Build.0 = Debug|iPhone
		{18C46960-4366-4F5D-B598-BC3D73CAF121}.Debug|ARM.Deploy.0 = Debug|iPhone
		{18C46960-4366-4F5D-B598-BC3D73CAF121}.Debug|iPhone.ActiveCfg = Debug|iPhone
		{18C46960-4366-4F5D-B598-BC3D73CAF121}.Debug|iPhone.Build.0 = Debug|iPhone
		{18C46960-4366-4F5D-B598-BC3D73CAF121}.Debug|iPhone.Deploy.0 = Debug|iPhone
		{18C46960-4366-4F5D-B598-BC3D73CAF121}.Debug|iPhoneSimulator.ActiveCfg = Debug|iPhoneSimulator
		{18C46960-4366-4F5D-B598-BC3D73CAF121}.Debug|iPhoneSimulator.Build.0 = Debug|iPhoneSimulator
		{18C46960-4366-4F5D-B598-BC3D73CAF121}.Debug|iPhoneSimulator.Deploy.0 = Debug|iPhoneSimulator
		{18C46960-4366-4F5D-B598-BC3D73CAF121}.Debug|x64.ActiveCfg = Debug|iPhone
		{18C46960-4366-4F5D-B598-BC3D73CAF121}.Debug|x64.Build.0 = Debug|iPhone
		{18C46960-4366-4F5D-B598-BC3D73CAF121}.Debug|x64.Deploy.0 = Debug|iPhone
		{18C46960-4366-4F5D-B598-BC3D73CAF121}.Debug|x86.ActiveCfg = Debug|iPhone
		{18C46960-4366-4F5D-B598-BC3D73CAF121}.Debug|x86.Build.0 = Debug|iPhone
		{18C46960-4366-4F5D-B598-BC3D73CAF121}.Debug|x86.Deploy.0 = Debug|iPhone
		{18C46960-4366-4F5D-B598-BC3D73CAF121}.Release|Any CPU.ActiveCfg = Release|iPhone
		{18C46960-4366-4F5D-B598-BC3D73CAF121}.Release|Any CPU.Build.0 = Release|iPhone
		{18C46960-4366-4F5D-B598-BC3D73CAF121}.Release|Any CPU.Deploy.0 = Release|iPhone
		{18C46960-4366-4F5D-B598-BC3D73CAF121}.Release|ARM.ActiveCfg = Release|iPhone
		{18C46960-4366-4F5D-B598-BC3D73CAF121}.Release|ARM.Build.0 = Release|iPhone
		{18C46960-4366-4F5D-B598-BC3D73CAF121}.Release|ARM.Deploy.0 = Release|iPhone
		{18C46960-4366-4F5D-B598-BC3D73CAF121}.Release|iPhone.ActiveCfg = Release|iPhone
		{18C46960-4366-4F5D-B598-BC3D73CAF121}.Release|iPhone.Build.0 = Release|iPhone
		{18C46960-4366-4F5D-B598-BC3D73CAF121}.Release|iPhone.Deploy.0 = Release|iPhone
		{18C46960-4366-4F5D-B598-BC3D73CAF121}.Release|iPhoneSimulator.ActiveCfg = Release|iPhoneSimulator
		{18C46960-4366-4F5D-B598-BC3D73CAF121}.Release|iPhoneSimulator.Build.0 = Release|iPhoneSimulator
		{18C46960-4366-4F5D-B598-BC3D73CAF121}.Release|iPhoneSimulator.Deploy.0 = Release|iPhoneSimulator
		{18C46960-4366-4F5D-B598-BC3D73CAF121}.Release|x64.ActiveCfg = Release|iPhone
		{18C46960-4366-4F5D-B598-BC3D73CAF121}.Release|x64.Build.0 = Release|iPhone
		{18C46960-4366-4F5D-B598-BC3D73CAF121}.Release|x64.Deploy.0 = Release|iPhone
		{18C46960-4366-4F5D-B598-BC3D73CAF121}.Release|x86.ActiveCfg = Release|iPhone
		{18C46960-4366-4F5D-B598-BC3D73CAF121}.Release|x86.Build.0 = Release|iPhone
		{18C46960-4366-4F5D-B598-BC3D73CAF121}.Release|x86.Deploy.0 = Release|iPhone
		{7E6D9E1E-5D57-453A-8DFB-39626753D840}.Ad-Hoc|Any CPU.ActiveCfg = Release|x86
		{7E6D9E1E-5D57-453A-8DFB-39626753D840}.Ad-Hoc|Any CPU.Build.0 = Release|x86
		{7E6D9E1E-5D57-453A-8DFB-39626753D840}.Ad-Hoc|Any CPU.Deploy.0 = Release|x86
		{7E6D9E1E-5D57-453A-8DFB-39626753D840}.Ad-Hoc|ARM.ActiveCfg = Release|ARM
		{7E6D9E1E-5D57-453A-8DFB-39626753D840}.Ad-Hoc|ARM.Build.0 = Release|ARM
		{7E6D9E1E-5D57-453A-8DFB-39626753D840}.Ad-Hoc|ARM.Deploy.0 = Release|ARM
		{7E6D9E1E-5D57-453A-8DFB-39626753D840}.Ad-Hoc|iPhone.ActiveCfg = Release|x86
		{7E6D9E1E-5D57-453A-8DFB-39626753D840}.Ad-Hoc|iPhone.Build.0 = Release|x86
		{7E6D9E1E-5D57-453A-8DFB-39626753D840}.Ad-Hoc|iPhone.Deploy.0 = Release|x86
		{7E6D9E1E-5D57-453A-8DFB-39626753D840}.Ad-Hoc|iPhoneSimulator.ActiveCfg = Release|x86
		{7E6D9E1E-5D57-453A-8DFB-39626753D840}.Ad-Hoc|iPhoneSimulator.Build.0 = Release|x86
		{7E6D9E1E-5D57-453A-8DFB-39626753D840}.Ad-Hoc|iPhoneSimulator.Deploy.0 = Release|x86
		{7E6D9E1E-5D57-453A-8DFB-39626753D840}.Ad-Hoc|x64.ActiveCfg = Release|x64
		{7E6D9E1E-5D57-453A-8DFB-39626753D840}.Ad-Hoc|x64.Build.0 = Release|x64
		{7E6D9E1E-5D57-453A-8DFB-39626753D840}.Ad-Hoc|x64.Deploy.0 = Release|x64
		{7E6D9E1E-5D57-453A-8DFB-39626753D840}.Ad-Hoc|x86.ActiveCfg = Release|x86
		{7E6D9E1E-5D57-453A-8DFB-39626753D840}.Ad-Hoc|x86.Build.0 = Release|x86
		{7E6D9E1E-5D57-453A-8DFB-39626753D840}.Ad-Hoc|x86.Deploy.0 = Release|x86
		{7E6D9E1E-5D57-453A-8DFB-39626753D840}.AppStore|Any CPU.ActiveCfg = Release|x86
		{7E6D9E1E-5D57-453A-8DFB-39626753D840}.AppStore|Any CPU.Build.0 = Release|x86
		{7E6D9E1E-5D57-453A-8DFB-39626753D840}.AppStore|Any CPU.Deploy.0 = Release|x86
		{7E6D9E1E-5D57-453A-8DFB-39626753D840}.AppStore|ARM.ActiveCfg = Release|ARM
		{7E6D9E1E-5D57-453A-8DFB-39626753D840}.AppStore|ARM.Build.0 = Release|ARM
		{7E6D9E1E-5D57-453A-8DFB-39626753D840}.AppStore|ARM.Deploy.0 = Release|ARM
		{7E6D9E1E-5D57-453A-8DFB-39626753D840}.AppStore|iPhone.ActiveCfg = Release|x86
		{7E6D9E1E-5D57-453A-8DFB-39626753D840}.AppStore|iPhone.Build.0 = Release|x86
		{7E6D9E1E-5D57-453A-8DFB-39626753D840}.AppStore|iPhone.Deploy.0 = Release|x86
		{7E6D9E1E-5D57-453A-8DFB-39626753D840}.AppStore|iPhoneSimulator.ActiveCfg = Release|x86
		{7E6D9E1E-5D57-453A-8DFB-39626753D840}.AppStore|iPhoneSimulator.Build.0 = Release|x86
		{7E6D9E1E-5D57-453A-8DFB-39626753D840}.AppStore|iPhoneSimulator.Deploy.0 = Release|x86
		{7E6D9E1E-5D57-453A-8DFB-39626753D840}.AppStore|x64.ActiveCfg = Release|x64
		{7E6D9E1E-5D57-453A-8DFB-39626753D840}.AppStore|x64.Build.0 = Release|x64
		{7E6D9E1E-5D57-453A-8DFB-39626753D840}.AppStore|x64.Deploy.0 = Release|x64
		{7E6D9E1E-5D57-453A-8DFB-39626753D840}.AppStore|x86.ActiveCfg = Release|x86
		{7E6D9E1E-5D57-453A-8DFB-39626753D840}.AppStore|x86.Build.0 = Release|x86
		{7E6D9E1E-5D57-453A-8DFB-39626753D840}.AppStore|x86.Deploy.0 = Release|x86
		{7E6D9E1E-5D57-453A-8DFB-39626753D840}.Debug|Any CPU.ActiveCfg = Debug|x86
		{7E6D9E1E-5D57-453A-8DFB-39626753D840}.Debug|Any CPU.Build.0 = Debug|x86
		{7E6D9E1E-5D57-453A-8DFB-39626753D840}.Debug|Any CPU.Deploy.0 = Debug|x86
		{7E6D9E1E-5D57-453A-8DFB-39626753D840}.Debug|ARM.ActiveCfg = Debug|ARM
		{7E6D9E1E-5D57-453A-8DFB-39626753D840}.Debug|ARM.Build.0 = Debug|ARM
		{7E6D9E1E-5D57-453A-8DFB-39626753D840}.Debug|ARM.Deploy.0 = Debug|ARM
		{7E6D9E1E-5D57-453A-8DFB-39626753D840}.Debug|iPhone.ActiveCfg = Debug|x86
		{7E6D9E1E-5D57-453A-8DFB-39626753D840}.Debug|iPhone.Build.0 = Debug|x86
		{7E6D9E1E-5D57-453A-8DFB-39626753D840}.Debug|iPhone.Deploy.0 = Debug|x86
		{7E6D9E1E-5D57-453A-8DFB-39626753D840}.Debug|iPhoneSimulator.ActiveCfg = Debug|x86
		{7E6D9E1E-5D57-453A-8DFB-39626753D840}.Debug|iPhoneSimulator.Build.0 = Debug|x86
		{7E6D9E1E-5D57-453A-8DFB-39626753D840}.Debug|iPhoneSimulator.Deploy.0 = Debug|x86
		{7E6D9E1E-5D57-453A-8DFB-39626753D840}.Debug|x64.ActiveCfg = Debug|x64
		{7E6D9E1E-5D57-453A-8DFB-39626753D840}.Debug|x64.Build.0 = Debug|x64
		{7E6D9E1E-5D57-453A-8DFB-39626753D840}.Debug|x64.Deploy.0 = Debug|x64
		{7E6D9E1E-5D57-453A-8DFB-39626753D840}.Debug|x86.ActiveCfg = Debug|x86
		{7E6D9E1E-5D57-453A-8DFB-39626753D840}.Debug|x86.Build.0 = Debug|x86
		{7E6D9E1E-5D57-453A-8DFB-39626753D840}.Debug|x86.Deploy.0 = Debug|x86
		{7E6D9E1E-5D57-453A-8DFB-39626753D840}.Release|Any CPU.ActiveCfg = Release|x86
		{7E6D9E1E-5D57-453A-8DFB-39626753D840}.Release|Any CPU.Build.0 = Release|x86
		{7E6D9E1E-5D57-453A-8DFB-39626753D840}.Release|Any CPU.Deploy.0 = Release|x86
		{7E6D9E1E-5D57-453A-8DFB-39626753D840}.Release|ARM.ActiveCfg = Release|ARM
		{7E6D9E1E-5D57-453A-8DFB-39626753D840}.Release|ARM.Build.0 = Release|ARM
		{7E6D9E1E-5D57-453A-8DFB-39626753D840}.Release|ARM.Deploy.0 = Release|ARM
		{7E6D9E1E-5D57-453A-8DFB-39626753D840}.Release|iPhone.ActiveCfg = Release|x86
		{7E6D9E1E-5D57-453A-8DFB-39626753D840}.Release|iPhone.Build.0 = Release|x86
		{7E6D9E1E-5D57-453A-8DFB-39626753D840}.Release|iPhone.Deploy.0 = Release|x86
		{7E6D9E1E-5D57-453A-8DFB-39626753D840}.Release|iPhoneSimulator.ActiveCfg = Release|x86
		{7E6D9E1E-5D57-453A-8DFB-39626753D840}.Release|iPhoneSimulator.Build.0 = Release|x86
		{7E6D9E1E-5D57-453A-8DFB-39626753D840}.Release|iPhoneSimulator.Deploy.0 = Release|x86
		{7E6D9E1E-5D57-453A-8DFB-39626753D840}.Release|x64.ActiveCfg = Release|x64
		{7E6D9E1E-5D57-453A-8DFB-39626753D840}.Release|x64.Build.0 = Release|x64
		{7E6D9E1E-5D57-453A-8DFB-39626753D840}.Release|x64.Deploy.0 = Release|x64
		{7E6D9E1E-5D57-453A-8DFB-39626753D840}.Release|x86.ActiveCfg = Release|x86
		{7E6D9E1E-5D57-453A-8DFB-39626753D840}.Release|x86.Build.0 = Release|x86
		{7E6D9E1E-5D57-453A-8DFB-39626753D840}.Release|x86.Deploy.0 = Release|x86
		{9FB52798-9C6C-4A69-9B21-DCFBC7ACF40A}.Ad-Hoc|Any CPU.ActiveCfg = Debug|Any CPU
		{9FB52798-9C6C-4A69-9B21-DCFBC7ACF40A}.Ad-Hoc|Any CPU.Build.0 = Debug|Any CPU
		{9FB52798-9C6C-4A69-9B21-DCFBC7ACF40A}.Ad-Hoc|Any CPU.Deploy.0 = Debug|Any CPU
		{9FB52798-9C6C-4A69-9B21-DCFBC7ACF40A}.Ad-Hoc|ARM.ActiveCfg = Debug|Any CPU
		{9FB52798-9C6C-4A69-9B21-DCFBC7ACF40A}.Ad-Hoc|ARM.Build.0 = Debug|Any CPU
		{9FB52798-9C6C-4A69-9B21-DCFBC7ACF40A}.Ad-Hoc|ARM.Deploy.0 = Debug|Any CPU
		{9FB52798-9C6C-4A69-9B21-DCFBC7ACF40A}.Ad-Hoc|iPhone.ActiveCfg = Debug|Any CPU
		{9FB52798-9C6C-4A69-9B21-DCFBC7ACF40A}.Ad-Hoc|iPhone.Build.0 = Debug|Any CPU
		{9FB52798-9C6C-4A69-9B21-DCFBC7ACF40A}.Ad-Hoc|iPhone.Deploy.0 = Debug|Any CPU
		{9FB52798-9C6C-4A69-9B21-DCFBC7ACF40A}.Ad-Hoc|iPhoneSimulator.ActiveCfg = Debug|Any CPU
		{9FB52798-9C6C-4A69-9B21-DCFBC7ACF40A}.Ad-Hoc|iPhoneSimulator.Build.0 = Debug|Any CPU
		{9FB52798-9C6C-4A69-9B21-DCFBC7ACF40A}.Ad-Hoc|iPhoneSimulator.Deploy.0 = Debug|Any CPU
		{9FB52798-9C6C-4A69-9B21-DCFBC7ACF40A}.Ad-Hoc|x64.ActiveCfg = Debug|Any CPU
		{9FB52798-9C6C-4A69-9B21-DCFBC7ACF40A}.Ad-Hoc|x64.Build.0 = Debug|Any CPU
		{9FB52798-9C6C-4A69-9B21-DCFBC7ACF40A}.Ad-Hoc|x64.Deploy.0 = Debug|Any CPU
		{9FB52798-9C6C-4A69-9B21-DCFBC7ACF40A}.Ad-Hoc|x86.ActiveCfg = Debug|Any CPU
		{9FB52798-9C6C-4A69-9B21-DCFBC7ACF40A}.Ad-Hoc|x86.Build.0 = Debug|Any CPU
		{9FB52798-9C6C-4A69-9B21-DCFBC7ACF40A}.Ad-Hoc|x86.Deploy.0 = Debug|Any CPU
		{9FB52798-9C6C-4A69-9B21-DCFBC7ACF40A}.AppStore|Any CPU.ActiveCfg = Debug|Any CPU
		{9FB52798-9C6C-4A69-9B21-DCFBC7ACF40A}.AppStore|Any CPU.Build.0 = Debug|Any CPU
		{9FB52798-9C6C-4A69-9B21-DCFBC7ACF40A}.AppStore|Any CPU.Deploy.0 = Debug|Any CPU
		{9FB52798-9C6C-4A69-9B21-DCFBC7ACF40A}.AppStore|ARM.ActiveCfg = Debug|Any CPU
		{9FB52798-9C6C-4A69-9B21-DCFBC7ACF40A}.AppStore|ARM.Build.0 = Debug|Any CPU
		{9FB52798-9C6C-4A69-9B21-DCFBC7ACF40A}.AppStore|ARM.Deploy.0 = Debug|Any CPU
		{9FB52798-9C6C-4A69-9B21-DCFBC7ACF40A}.AppStore|iPhone.ActiveCfg = Debug|Any CPU
		{9FB52798-9C6C-4A69-9B21-DCFBC7ACF40A}.AppStore|iPhone.Build.0 = Debug|Any CPU
		{9FB52798-9C6C-4A69-9B21-DCFBC7ACF40A}.AppStore|iPhone.Deploy.0 = Debug|Any CPU
		{9FB52798-9C6C-4A69-9B21-DCFBC7ACF40A}.AppStore|iPhoneSimulator.ActiveCfg = Debug|Any CPU
		{9FB52798-9C6C-4A69-9B21-DCFBC7ACF40A}.AppStore|iPhoneSimulator.Build.0 = Debug|Any CPU
		{9FB52798-9C6C-4A69-9B21-DCFBC7ACF40A}.AppStore|iPhoneSimulator.Deploy.0 = Debug|Any CPU
		{9FB52798-9C6C-4A69-9B21-DCFBC7ACF40A}.AppStore|x64.ActiveCfg = Debug|Any CPU
		{9FB52798-9C6C-4A69-9B21-DCFBC7ACF40A}.AppStore|x64.Build.0 = Debug|Any CPU
		{9FB52798-9C6C-4A69-9B21-DCFBC7ACF40A}.AppStore|x64.Deploy.0 = Debug|Any CPU
		{9FB52798-9C6C-4A69-9B21-DCFBC7ACF40A}.AppStore|x86.ActiveCfg = Debug|Any CPU
		{9FB52798-9C6C-4A69-9B21-DCFBC7ACF40A}.AppStore|x86.Build.0 = Debug|Any CPU
		{9FB52798-9C6C-4A69-9B21-DCFBC7ACF40A}.AppStore|x86.Deploy.0 = Debug|Any CPU
		{9FB52798-9C6C-4A69-9B21-DCFBC7ACF40A}.Debug|Any CPU.ActiveCfg = Debug|Any CPU
		{9FB52798-9C6C-4A69-9B21-DCFBC7ACF40A}.Debug|Any CPU.Build.0 = Debug|Any CPU
		{9FB52798-9C6C-4A69-9B21-DCFBC7ACF40A}.Debug|Any CPU.Deploy.0 = Debug|Any CPU
		{9FB52798-9C6C-4A69-9B21-DCFBC7ACF40A}.Debug|ARM.ActiveCfg = Debug|Any CPU
		{9FB52798-9C6C-4A69-9B21-DCFBC7ACF40A}.Debug|ARM.Build.0 = Debug|Any CPU
		{9FB52798-9C6C-4A69-9B21-DCFBC7ACF40A}.Debug|ARM.Deploy.0 = Debug|Any CPU
		{9FB52798-9C6C-4A69-9B21-DCFBC7ACF40A}.Debug|iPhone.ActiveCfg = Debug|Any CPU
		{9FB52798-9C6C-4A69-9B21-DCFBC7ACF40A}.Debug|iPhone.Build.0 = Debug|Any CPU
		{9FB52798-9C6C-4A69-9B21-DCFBC7ACF40A}.Debug|iPhone.Deploy.0 = Debug|Any CPU
		{9FB52798-9C6C-4A69-9B21-DCFBC7ACF40A}.Debug|iPhoneSimulator.ActiveCfg = Debug|Any CPU
		{9FB52798-9C6C-4A69-9B21-DCFBC7ACF40A}.Debug|iPhoneSimulator.Build.0 = Debug|Any CPU
		{9FB52798-9C6C-4A69-9B21-DCFBC7ACF40A}.Debug|iPhoneSimulator.Deploy.0 = Debug|Any CPU
		{9FB52798-9C6C-4A69-9B21-DCFBC7ACF40A}.Debug|x64.ActiveCfg = Debug|Any CPU
		{9FB52798-9C6C-4A69-9B21-DCFBC7ACF40A}.Debug|x64.Build.0 = Debug|Any CPU
		{9FB52798-9C6C-4A69-9B21-DCFBC7ACF40A}.Debug|x64.Deploy.0 = Debug|Any CPU
		{9FB52798-9C6C-4A69-9B21-DCFBC7ACF40A}.Debug|x86.ActiveCfg = Debug|Any CPU
		{9FB52798-9C6C-4A69-9B21-DCFBC7ACF40A}.Debug|x86.Build.0 = Debug|Any CPU
		{9FB52798-9C6C-4A69-9B21-DCFBC7ACF40A}.Debug|x86.Deploy.0 = Debug|Any CPU
		{9FB52798-9C6C-4A69-9B21-DCFBC7ACF40A}.Release|Any CPU.ActiveCfg = Release|Any CPU
		{9FB52798-9C6C-4A69-9B21-DCFBC7ACF40A}.Release|Any CPU.Build.0 = Release|Any CPU
		{9FB52798-9C6C-4A69-9B21-DCFBC7ACF40A}.Release|Any CPU.Deploy.0 = Release|Any CPU
		{9FB52798-9C6C-4A69-9B21-DCFBC7ACF40A}.Release|ARM.ActiveCfg = Release|Any CPU
		{9FB52798-9C6C-4A69-9B21-DCFBC7ACF40A}.Release|ARM.Build.0 = Release|Any CPU
		{9FB52798-9C6C-4A69-9B21-DCFBC7ACF40A}.Release|ARM.Deploy.0 = Release|Any CPU
		{9FB52798-9C6C-4A69-9B21-DCFBC7ACF40A}.Release|iPhone.ActiveCfg = Release|Any CPU
		{9FB52798-9C6C-4A69-9B21-DCFBC7ACF40A}.Release|iPhone.Build.0 = Release|Any CPU
		{9FB52798-9C6C-4A69-9B21-DCFBC7ACF40A}.Release|iPhone.Deploy.0 = Release|Any CPU
		{9FB52798-9C6C-4A69-9B21-DCFBC7ACF40A}.Release|iPhoneSimulator.ActiveCfg = Release|Any CPU
		{9FB52798-9C6C-4A69-9B21-DCFBC7ACF40A}.Release|iPhoneSimulator.Build.0 = Release|Any CPU
		{9FB52798-9C6C-4A69-9B21-DCFBC7ACF40A}.Release|iPhoneSimulator.Deploy.0 = Release|Any CPU
		{9FB52798-9C6C-4A69-9B21-DCFBC7ACF40A}.Release|x64.ActiveCfg = Release|Any CPU
		{9FB52798-9C6C-4A69-9B21-DCFBC7ACF40A}.Release|x64.Build.0 = Release|Any CPU
		{9FB52798-9C6C-4A69-9B21-DCFBC7ACF40A}.Release|x64.Deploy.0 = Release|Any CPU
		{9FB52798-9C6C-4A69-9B21-DCFBC7ACF40A}.Release|x86.ActiveCfg = Release|Any CPU
		{9FB52798-9C6C-4A69-9B21-DCFBC7ACF40A}.Release|x86.Build.0 = Release|Any CPU
		{9FB52798-9C6C-4A69-9B21-DCFBC7ACF40A}.Release|x86.Deploy.0 = Release|Any CPU
	EndGlobalSection
	GlobalSection(SolutionProperties) = preSolution
		HideSolutionNode = FALSE
	EndGlobalSection
	GlobalSection(ExtensibilityGlobals) = postSolution
		SolutionGuid = {064F1847-A2DD-45AA-8DA4-4F57C0AD5065}
	EndGlobalSection
EndGlobal
